
Microsoft Visual Studio Solution File, Format Version 12.00
# Visual Studio Version 16
VisualStudioVersion = 16.0.31424.327
MinimumVisualStudioVersion = 10.0.40219.1
Project("{FAE04EC0-301F-11D3-BF4B-00C04F79EFBC}") = "iCloud Duplicate Remover", "iCloud Duplicate Remover.csproj", "{2685835E-839D-491E-BE05-574A897717A2}"
EndProject
Global
	GlobalSection(SolutionConfigurationPlatforms) = preSolution
		Debug|Any CPU = Debug|Any CPU
		Release|Any CPU = Release|Any CPU
	EndGlobalSection
	GlobalSection(ProjectConfigurationPlatforms) = postSolution
		{2685835E-839D-491E-BE05-574A897717A2}.Debug|Any CPU.ActiveCfg = Debug|Any CPU
		{2685835E-839D-491E-BE05-574A897717A2}.Debug|Any CPU.Build.0 = Debug|Any CPU
		{2685835E-839D-491E-BE05-574A897717A2}.Release|Any CPU.ActiveCfg = Release|Any CPU
		{2685835E-839D-491E-BE05-574A897717A2}.Release|Any CPU.Build.0 = Release|Any CPU
	EndGlobalSection
	GlobalSection(SolutionProperties) = preSolution
		HideSolutionNode = FALSE
	EndGlobalSection
	GlobalSection(ExtensibilityGlobals) = postSolution
		SolutionGuid = {70EBD273-8551-45E7-A645-46B4B334BE70}
	EndGlobalSection
EndGlobal
